
Microsoft Visual Studio Solution File, Format Version 12.00
Project("{F184B08F-C81C-45F6-A57F-5ABD9991F28F}") = "VBIntro1", "VBIntro1\VBIntro1.vbproj", "{2982F8BE-3E97-431B-B449-BCCE828281AA}"
EndProject
Project("{F184B08F-C81C-45F6-A57F-5ABD9991F28F}") = "VBVariables1", "VBVariables1\VBVariables1.vbproj", "{512A7E00-D744-4D14-B3E4-2F0D0FBCA0A7}"
EndProject
Project("{F184B08F-C81C-45F6-A57F-5ABD9991F28F}") = "VBVariables2", "VBVariables2\VBVariables2.vbproj", "{334BA739-B14A-4434-8536-43DDF06B134F}"
EndProject
Project("{F184B08F-C81C-45F6-A57F-5ABD9991F28F}") = "VBVariables3", "VBVariables3\VBVariables3.vbproj", "{21A6C1E1-D9E8-463E-A873-0AB48A61A0DE}"
EndProject
Project("{F184B08F-C81C-45F6-A57F-5ABD9991F28F}") = "VBIfStatements1", "VBIfStatements1\VBIfStatements1.vbproj", "{DBC04078-1165-4C3E-9BA9-6754F753E66D}"
EndProject
Project("{F184B08F-C81C-45F6-A57F-5ABD9991F28F}") = "VBIfStatements2", "VBIfStatements2\VBIfStatements2.vbproj", "{7B9D33A6-B1F2-4027-B8FE-A354BD8D8487}"
EndProject
Project("{F184B08F-C81C-45F6-A57F-5ABD9991F28F}") = "VBIfStatements3", "VBIfStatements3\VBIfStatements3.vbproj", "{053E8758-4146-4D42-BB6C-8F20F8947324}"
EndProject
Project("{F184B08F-C81C-45F6-A57F-5ABD9991F28F}") = "VBCaseStatements1", "VBCaseStatements1\VBCaseStatements1.vbproj", "{33B93A3E-AD47-4B7B-B6DE-69291FD588A3}"
EndProject
Project("{F184B08F-C81C-45F6-A57F-5ABD9991F28F}") = "VBCaseStatements2", "VBCaseStatements2\VBCaseStatements2.vbproj", "{57D34680-6464-4A30-A117-CBDED0772076}"
EndProject
Project("{F184B08F-C81C-45F6-A57F-5ABD9991F28F}") = "VBCaseStatements3", "VBCaseStatements3\VBCaseStatements3.vbproj", "{8C783874-B58D-4F91-B198-285A49CE6D94}"
EndProject
Project("{F184B08F-C81C-45F6-A57F-5ABD9991F28F}") = "VBForLoops1", "VBForLoops1\VBForLoops1.vbproj", "{E5313B82-686C-4E77-8017-EAE79D8182B8}"
EndProject
Project("{F184B08F-C81C-45F6-A57F-5ABD9991F28F}") = "VBForLoops2", "VBForLoops2\VBForLoops2.vbproj", "{BB3ECEC6-7A3C-4629-92DF-84B78251F6C7}"
EndProject
Project("{F184B08F-C81C-45F6-A57F-5ABD9991F28F}") = "VBWhileLoops1", "VBWhileLoops1\VBWhileLoops1.vbproj", "{48F8F3E6-9347-465F-B478-5C8071963C80}"
EndProject
Project("{F184B08F-C81C-45F6-A57F-5ABD9991F28F}") = "VBWhileLoops2", "VBWhileLoops2\VBWhileLoops2.vbproj", "{0CEF20AA-419C-4EF7-A842-A44BA1CEBE13}"
EndProject
Project("{F184B08F-C81C-45F6-A57F-5ABD9991F28F}") = "VBWhileLoops3", "VBWhileLoops3\VBWhileLoops3.vbproj", "{92B78B76-2C03-43D6-AD06-DEF81ED0E88F}"
EndProject
Project("{F184B08F-C81C-45F6-A57F-5ABD9991F28F}") = "VBArrays1", "VBArrays1\VBArrays1.vbproj", "{1F23D1C3-177F-414C-AA64-84CC7C08FDA5}"
EndProject
Project("{F184B08F-C81C-45F6-A57F-5ABD9991F28F}") = "VBArrays2", "VBArrays2\VBArrays2.vbproj", "{B72EAC4F-AF98-424B-A4C7-640768B21980}"
EndProject
Project("{F184B08F-C81C-45F6-A57F-5ABD9991F28F}") = "VBArrays3", "VBArrays3\VBArrays3.vbproj", "{03733CB9-5ED1-4C1F-A88A-C535C3960DB6}"
EndProject
Project("{F184B08F-C81C-45F6-A57F-5ABD9991F28F}") = "VBTestProblem1", "VBTestProblem1\VBTestProblem1.vbproj", "{67B8DB93-0D64-4105-9470-1CC9EE215D49}"
EndProject
Project("{F184B08F-C81C-45F6-A57F-5ABD9991F28F}") = "VBTestProblem2", "VBTestProblem2\VBTestProblem2.vbproj", "{D69161F6-0056-4F14-9705-9E98E9CCEC80}"
EndProject
Global
	GlobalSection(SolutionConfigurationPlatforms) = preSolution
		Debug|Any CPU = Debug|Any CPU
		Release|Any CPU = Release|Any CPU
	EndGlobalSection
	GlobalSection(ProjectConfigurationPlatforms) = postSolution
		{2982F8BE-3E97-431B-B449-BCCE828281AA}.Debug|Any CPU.ActiveCfg = Debug|Any CPU
		{2982F8BE-3E97-431B-B449-BCCE828281AA}.Debug|Any CPU.Build.0 = Debug|Any CPU
		{2982F8BE-3E97-431B-B449-BCCE828281AA}.Release|Any CPU.ActiveCfg = Release|Any CPU
		{2982F8BE-3E97-431B-B449-BCCE828281AA}.Release|Any CPU.Build.0 = Release|Any CPU
		{512A7E00-D744-4D14-B3E4-2F0D0FBCA0A7}.Debug|Any CPU.ActiveCfg = Debug|Any CPU
		{512A7E00-D744-4D14-B3E4-2F0D0FBCA0A7}.Debug|Any CPU.Build.0 = Debug|Any CPU
		{512A7E00-D744-4D14-B3E4-2F0D0FBCA0A7}.Release|Any CPU.ActiveCfg = Release|Any CPU
		{512A7E00-D744-4D14-B3E4-2F0D0FBCA0A7}.Release|Any CPU.Build.0 = Release|Any CPU
		{334BA739-B14A-4434-8536-43DDF06B134F}.Debug|Any CPU.ActiveCfg = Debug|Any CPU
		{334BA739-B14A-4434-8536-43DDF06B134F}.Debug|Any CPU.Build.0 = Debug|Any CPU
		{334BA739-B14A-4434-8536-43DDF06B134F}.Release|Any CPU.ActiveCfg = Release|Any CPU
		{334BA739-B14A-4434-8536-43DDF06B134F}.Release|Any CPU.Build.0 = Release|Any CPU
		{21A6C1E1-D9E8-463E-A873-0AB48A61A0DE}.Debug|Any CPU.ActiveCfg = Debug|Any CPU
		{21A6C1E1-D9E8-463E-A873-0AB48A61A0DE}.Debug|Any CPU.Build.0 = Debug|Any CPU
		{21A6C1E1-D9E8-463E-A873-0AB48A61A0DE}.Release|Any CPU.ActiveCfg = Release|Any CPU
		{21A6C1E1-D9E8-463E-A873-0AB48A61A0DE}.Release|Any CPU.Build.0 = Release|Any CPU
		{DBC04078-1165-4C3E-9BA9-6754F753E66D}.Debug|Any CPU.ActiveCfg = Debug|Any CPU
		{DBC04078-1165-4C3E-9BA9-6754F753E66D}.Debug|Any CPU.Build.0 = Debug|Any CPU
		{DBC04078-1165-4C3E-9BA9-6754F753E66D}.Release|Any CPU.ActiveCfg = Release|Any CPU
		{DBC04078-1165-4C3E-9BA9-6754F753E66D}.Release|Any CPU.Build.0 = Release|Any CPU
		{7B9D33A6-B1F2-4027-B8FE-A354BD8D8487}.Debug|Any CPU.ActiveCfg = Debug|Any CPU
		{7B9D33A6-B1F2-4027-B8FE-A354BD8D8487}.Debug|Any CPU.Build.0 = Debug|Any CPU
		{7B9D33A6-B1F2-4027-B8FE-A354BD8D8487}.Release|Any CPU.ActiveCfg = Release|Any CPU
		{7B9D33A6-B1F2-4027-B8FE-A354BD8D8487}.Release|Any CPU.Build.0 = Release|Any CPU
		{053E8758-4146-4D42-BB6C-8F20F8947324}.Debug|Any CPU.ActiveCfg = Debug|Any CPU
		{053E8758-4146-4D42-BB6C-8F20F8947324}.Debug|Any CPU.Build.0 = Debug|Any CPU
		{053E8758-4146-4D42-BB6C-8F20F8947324}.Release|Any CPU.ActiveCfg = Release|Any CPU
		{053E8758-4146-4D42-BB6C-8F20F8947324}.Release|Any CPU.Build.0 = Release|Any CPU
		{33B93A3E-AD47-4B7B-B6DE-69291FD588A3}.Debug|Any CPU.ActiveCfg = Debug|Any CPU
		{33B93A3E-AD47-4B7B-B6DE-69291FD588A3}.Debug|Any CPU.Build.0 = Debug|Any CPU
		{33B93A3E-AD47-4B7B-B6DE-69291FD588A3}.Release|Any CPU.ActiveCfg = Release|Any CPU
		{33B93A3E-AD47-4B7B-B6DE-69291FD588A3}.Release|Any CPU.Build.0 = Release|Any CPU
		{57D34680-6464-4A30-A117-CBDED0772076}.Debug|Any CPU.ActiveCfg = Debug|Any CPU
		{57D34680-6464-4A30-A117-CBDED0772076}.Debug|Any CPU.Build.0 = Debug|Any CPU
		{57D34680-6464-4A30-A117-CBDED0772076}.Release|Any CPU.ActiveCfg = Release|Any CPU
		{57D34680-6464-4A30-A117-CBDED0772076}.Release|Any CPU.Build.0 = Release|Any CPU
		{8C783874-B58D-4F91-B198-285A49CE6D94}.Debug|Any CPU.ActiveCfg = Debug|Any CPU
		{8C783874-B58D-4F91-B198-285A49CE6D94}.Debug|Any CPU.Build.0 = Debug|Any CPU
		{8C783874-B58D-4F91-B198-285A49CE6D94}.Release|Any CPU.ActiveCfg = Release|Any CPU
		{8C783874-B58D-4F91-B198-285A49CE6D94}.Release|Any CPU.Build.0 = Release|Any CPU
		{E5313B82-686C-4E77-8017-EAE79D8182B8}.Debug|Any CPU.ActiveCfg = Debug|Any CPU
		{E5313B82-686C-4E77-8017-EAE79D8182B8}.Debug|Any CPU.Build.0 = Debug|Any CPU
		{E5313B82-686C-4E77-8017-EAE79D8182B8}.Release|Any CPU.ActiveCfg = Release|Any CPU
		{E5313B82-686C-4E77-8017-EAE79D8182B8}.Release|Any CPU.Build.0 = Release|Any CPU
		{BB3ECEC6-7A3C-4629-92DF-84B78251F6C7}.Debug|Any CPU.ActiveCfg = Debug|Any CPU
		{BB3ECEC6-7A3C-4629-92DF-84B78251F6C7}.Debug|Any CPU.Build.0 = Debug|Any CPU
		{BB3ECEC6-7A3C-4629-92DF-84B78251F6C7}.Release|Any CPU.ActiveCfg = Release|Any CPU
		{BB3ECEC6-7A3C-4629-92DF-84B78251F6C7}.Release|Any CPU.Build.0 = Release|Any CPU
		{48F8F3E6-9347-465F-B478-5C8071963C80}.Debug|Any CPU.ActiveCfg = Debug|Any CPU
		{48F8F3E6-9347-465F-B478-5C8071963C80}.Debug|Any CPU.Build.0 = Debug|Any CPU
		{48F8F3E6-9347-465F-B478-5C8071963C80}.Release|Any CPU.ActiveCfg = Release|Any CPU
		{48F8F3E6-9347-465F-B478-5C8071963C80}.Release|Any CPU.Build.0 = Release|Any CPU
		{0CEF20AA-419C-4EF7-A842-A44BA1CEBE13}.Debug|Any CPU.ActiveCfg = Debug|Any CPU
		{0CEF20AA-419C-4EF7-A842-A44BA1CEBE13}.Debug|Any CPU.Build.0 = Debug|Any CPU
		{0CEF20AA-419C-4EF7-A842-A44BA1CEBE13}.Release|Any CPU.ActiveCfg = Release|Any CPU
		{0CEF20AA-419C-4EF7-A842-A44BA1CEBE13}.Release|Any CPU.Build.0 = Release|Any CPU
		{92B78B76-2C03-43D6-AD06-DEF81ED0E88F}.Debug|Any CPU.ActiveCfg = Debug|Any CPU
		{92B78B76-2C03-43D6-AD06-DEF81ED0E88F}.Debug|Any CPU.Build.0 = Debug|Any CPU
		{92B78B76-2C03-43D6-AD06-DEF81ED0E88F}.Release|Any CPU.ActiveCfg = Release|Any CPU
		{92B78B76-2C03-43D6-AD06-DEF81ED0E88F}.Release|Any CPU.Build.0 = Release|Any CPU
		{1F23D1C3-177F-414C-AA64-84CC7C08FDA5}.Debug|Any CPU.ActiveCfg = Debug|Any CPU
		{1F23D1C3-177F-414C-AA64-84CC7C08FDA5}.Debug|Any CPU.Build.0 = Debug|Any CPU
		{1F23D1C3-177F-414C-AA64-84CC7C08FDA5}.Release|Any CPU.ActiveCfg = Release|Any CPU
		{1F23D1C3-177F-414C-AA64-84CC7C08FDA5}.Release|Any CPU.Build.0 = Release|Any CPU
		{B72EAC4F-AF98-424B-A4C7-640768B21980}.Debug|Any CPU.ActiveCfg = Debug|Any CPU
		{B72EAC4F-AF98-424B-A4C7-640768B21980}.Debug|Any CPU.Build.0 = Debug|Any CPU
		{B72EAC4F-AF98-424B-A4C7-640768B21980}.Release|Any CPU.ActiveCfg = Release|Any CPU
		{B72EAC4F-AF98-424B-A4C7-640768B21980}.Release|Any CPU.Build.0 = Release|Any CPU
		{03733CB9-5ED1-4C1F-A88A-C535C3960DB6}.Debug|Any CPU.ActiveCfg = Debug|Any CPU
		{03733CB9-5ED1-4C1F-A88A-C535C3960DB6}.Debug|Any CPU.Build.0 = Debug|Any CPU
		{03733CB9-5ED1-4C1F-A88A-C535C3960DB6}.Release|Any CPU.ActiveCfg = Release|Any CPU
		{03733CB9-5ED1-4C1F-A88A-C535C3960DB6}.Release|Any CPU.Build.0 = Release|Any CPU
		{67B8DB93-0D64-4105-9470-1CC9EE215D49}.Debug|Any CPU.ActiveCfg = Debug|Any CPU
		{67B8DB93-0D64-4105-9470-1CC9EE215D49}.Debug|Any CPU.Build.0 = Debug|Any CPU
		{67B8DB93-0D64-4105-9470-1CC9EE215D49}.Release|Any CPU.ActiveCfg = Release|Any CPU
		{67B8DB93-0D64-4105-9470-1CC9EE215D49}.Release|Any CPU.Build.0 = Release|Any CPU
		{D69161F6-0056-4F14-9705-9E98E9CCEC80}.Debug|Any CPU.ActiveCfg = Debug|Any CPU
		{D69161F6-0056-4F14-9705-9E98E9CCEC80}.Debug|Any CPU.Build.0 = Debug|Any CPU
		{D69161F6-0056-4F14-9705-9E98E9CCEC80}.Release|Any CPU.ActiveCfg = Release|Any CPU
		{D69161F6-0056-4F14-9705-9E98E9CCEC80}.Release|Any CPU.Build.0 = Release|Any CPU
	EndGlobalSection
EndGlobal
